
Microsoft Visual Studio Solution File, Format Version 12.00
# Visual Studio Version 17
VisualStudioVersion = 17.7.34031.279
MinimumVisualStudioVersion = 10.0.40219.1
Project("{FAE04EC0-301F-11D3-BF4B-00C04F79EFBC}") = "FC_WPF", "FC_WPF.csproj", "{1E271D93-7EF4-457B-8501-835C6C1C009D}"
EndProject
Global
	GlobalSection(SolutionConfigurationPlatforms) = preSolution
		Debug|Any CPU = Debug|Any CPU
		Release|Any CPU = Release|Any CPU
	EndGlobalSection
	GlobalSection(ProjectConfigurationPlatforms) = postSolution
		{1E271D93-7EF4-457B-8501-835C6C1C009D}.Debug|Any CPU.ActiveCfg = Debug|Any CPU
		{1E271D93-7EF4-457B-8501-835C6C1C009D}.Debug|Any CPU.Build.0 = Debug|Any CPU
		{1E271D93-7EF4-457B-8501-835C6C1C009D}.Release|Any CPU.ActiveCfg = Release|Any CPU
		{1E271D93-7EF4-457B-8501-835C6C1C009D}.Release|Any CPU.Build.0 = Release|Any CPU
	EndGlobalSection
	GlobalSection(SolutionProperties) = preSolution
		HideSolutionNode = FALSE
	EndGlobalSection
	GlobalSection(ExtensibilityGlobals) = postSolution
		SolutionGuid = {E2347DA8-366B-48A7-991A-6F70D8C22895}
	EndGlobalSection
EndGlobal
